PODS:
  - Alamofire (4.0.1)
  - ANActivityIndicator (1.2.0)
  - FSCalendar (2.8.1)
  - Kingfisher (5.14.1):
    - Kingfisher/Core (= 5.14.1)
  - Kingfisher/Core (5.14.1)
  - Toaster (2.2.0)
  - Whisper (6.1.0)

DEPENDENCIES:
  - Alamofire (~> 4.0.0)
  - ANActivityIndicator
  - FSCalendar
  - Kingfisher
  - Toaster
  - Whisper

SPEC REPOS:
  trunk:
    - Alamofire
    - ANActivityIndicator
    - FSCalendar
    - Kingfisher
    - Toaster
    - Whisper

SPEC CHECKSUMS:
  Alamofire: 7682d43245de14874acd142ec137b144aa1dd335
  ANActivityIndicator: 44a996931d0c554cf157b31056603b23bbdbe76a
  FSCalendar: 5245140456fcbcac5824c203b98bd8068bdfee1a
  Kingfisher: 8050bc6f7f68cbf3908bd04df7ccbac188f6d6d6
  Toaster: c1a81b376edcc2470157b4d1ee1e9341d3b96455
  Whisper: 6869ae85284ae2ba0aa4c7d8a826be6436409fed

PODFILE CHECKSUM: 17b03227d62a615fe16bed77814948cf117f5585

COCOAPODS: 1.9.1
